
Microsoft Visual Studio Solution File, Format Version 12.00
# Visual Studio Version 17
VisualStudioVersion = 17.9.34728.123
MinimumVisualStudioVersion = 10.0.40219.1
Project("{FAE04EC0-301F-11D3-BF4B-00C04F79EFBC}") = "pryOrellano_IEFI", "pryOrellano_IEFI\pryOrellano_IEFI.csproj", "{ACECC546-05A2-4256-B906-613985301A85}"
EndProject
Global
	GlobalSection(SolutionConfigurationPlatforms) = preSolution
		Debug|Any CPU = Debug|Any CPU
		Release|Any CPU = Release|Any CPU
	EndGlobalSection
	GlobalSection(ProjectConfigurationPlatforms) = postSolution
		{ACECC546-05A2-4256-B906-613985301A85}.Debug|Any CPU.ActiveCfg = Debug|Any CPU
		{ACECC546-05A2-4256-B906-613985301A85}.Debug|Any CPU.Build.0 = Debug|Any CPU
		{ACECC546-05A2-4256-B906-613985301A85}.Release|Any CPU.ActiveCfg = Release|Any CPU
		{ACECC546-05A2-4256-B906-613985301A85}.Release|Any CPU.Build.0 = Release|Any CPU
	EndGlobalSection
	GlobalSection(SolutionProperties) = preSolution
		HideSolutionNode = FALSE
	EndGlobalSection
	GlobalSection(ExtensibilityGlobals) = postSolution
		SolutionGuid = {6131ECF7-0944-4643-9B0E-2FAA2916DA59}
	EndGlobalSection
EndGlobal
